
Microsoft Visual Studio Solution File, Format Version 11.00
# Visual Studio 2010
Project("{F184B08F-C81C-45F6-A57F-5ABD9991F28F}") = "SetupD2", "SetupD2\SetupD2.vbproj", "{A06E6BF7-C010-4E24-BB14-C7E0688BEA84}"
EndProject
Global
	GlobalSection(SolutionConfigurationPlatforms) = preSolution
		Debug|x86 = Debug|x86
		Release|x86 = Release|x86
	EndGlobalSection
	GlobalSection(ProjectConfigurationPlatforms) = postSolution
		{A06E6BF7-C010-4E24-BB14-C7E0688BEA84}.Debug|x86.ActiveCfg = Debug|x86
		{A06E6BF7-C010-4E24-BB14-C7E0688BEA84}.Debug|x86.Build.0 = Debug|x86
		{A06E6BF7-C010-4E24-BB14-C7E0688BEA84}.Release|x86.ActiveCfg = Release|x86
		{A06E6BF7-C010-4E24-BB14-C7E0688BEA84}.Release|x86.Build.0 = Release|x86
	EndGlobalSection
	GlobalSection(SolutionProperties) = preSolution
		HideSolutionNode = FALSE
	EndGlobalSection
EndGlobal
